name: anti-AD mod

on:
  workflow_dispatch:
  schedule:
    - cron: "30 1,9 * * *"
  watch:
    types: started

 
env:
  REPO_URL: git@github.com:privacy-protection-tools/anti-AD.git
  REPO_BRANCH: adlist-maker
  DIY_P1_SH: diy.sh
  TZ: Asia/Shanghai
 
jobs:
  build:
    runs-on: ubuntu-latest
    
    steps:
    - name: Checkout
      uses: actions/checkout@main
     
    - name: Clone source code 
      run: |
        mkdir -p ~/.ssh
        echo -e "${{ secrets.USER_PRIVATE_KEY }}" > ~/.ssh/id_rsa
        chmod 600 ~/.ssh/id_rsa
        ssh-keyscan github.com > ~/.ssh/known_hosts
        git clone $REPO_URL -b $REPO_BRANCH anti-AD
        git clone git@github.com:wudongdefeng/groceries.git ad
        git clone git@github.com:dancing-wind/ownadblock.git ad1

    - name: Run mod.sh 
      run: |
        sudo timedatectl set-timezone "$TZ"        
        mv ./ad1/diy.sh ./anti-AD/scripts
        chmod +x ./anti-AD/scripts/diy.sh
        sudo ./anti-AD/scripts/diy.sh
        
 
    - name: Push
      run: |        
        mv -f ./anti-AD/anti-ad-easylist.txt ./ad/ad.txt      
        cd ad
        git init
        git config user.name "一支穿云箭"
        git config user.email "action@github.com"
        git add .
        git commit -m "$(date "+%Y-%m-%d %H:%M")~千军万马来相见！" -a
        git push -u origin main
        
    - name: Delete workflow runs
      uses: Mattraks/delete-workflow-runs@main
      with:
        retain_days: 1
        keep_minimum_runs: 3
